
Microsoft Visual Studio Solution File, Format Version 12.00
# Visual Studio 2013
VisualStudioVersion = 12.0.21005.1
MinimumVisualStudioVersion = 10.0.40219.1
Project("{FAE04EC0-301F-11D3-BF4B-00C04F79EFBC}") = "UniversalWorldClock", "UniversalWorldClock\UniversalWorldClock.csproj", "{5E4FDD22-6BBF-4FD6-9C13-529C774CB110}"
EndProject
Project("{FAE04EC0-301F-11D3-BF4B-00C04F79EFBC}") = "UniversalWorldClock.Tasks", "UniversalWorldClock.Tasks\UniversalWorldClock.Tasks.csproj", "{18A2324F-F0BC-4F35-8240-5EBB526999AF}"
EndProject
Project("{2150E333-8FDC-42A3-9474-1A3956D46DE8}") = "Solution Items", "Solution Items", "{77976E26-FE8B-4448-BE9B-436C4DD648B3}"
	ProjectSection(SolutionItems) = preProject
		Performance2.psess = Performance2.psess
	EndProjectSection
EndProject
Global
	GlobalSection(SolutionConfigurationPlatforms) = preSolution
		Debug|Any CPU = Debug|Any CPU
		Debug|ARM = Debug|ARM
		Debug|x64 = Debug|x64
		Debug|x86 = Debug|x86
		Release|Any CPU = Release|Any CPU
		Release|ARM = Release|ARM
		Release|x64 = Release|x64
		Release|x86 = Release|x86
	EndGlobalSection
	GlobalSection(ProjectConfigurationPlatforms) = postSolution
		{5E4FDD22-6BBF-4FD6-9C13-529C774CB110}.Debug|Any CPU.ActiveCfg = Debug|Any CPU
		{5E4FDD22-6BBF-4FD6-9C13-529C774CB110}.Debug|Any CPU.Build.0 = Debug|Any CPU
		{5E4FDD22-6BBF-4FD6-9C13-529C774CB110}.Debug|Any CPU.Deploy.0 = Debug|Any CPU
		{5E4FDD22-6BBF-4FD6-9C13-529C774CB110}.Debug|ARM.ActiveCfg = Debug|ARM
		{5E4FDD22-6BBF-4FD6-9C13-529C774CB110}.Debug|ARM.Build.0 = Debug|ARM
		{5E4FDD22-6BBF-4FD6-9C13-529C774CB110}.Debug|ARM.Deploy.0 = Debug|ARM
		{5E4FDD22-6BBF-4FD6-9C13-529C774CB110}.Debug|x64.ActiveCfg = Debug|x64
		{5E4FDD22-6BBF-4FD6-9C13-529C774CB110}.Debug|x64.Build.0 = Debug|x64
		{5E4FDD22-6BBF-4FD6-9C13-529C774CB110}.Debug|x64.Deploy.0 = Debug|x64
		{5E4FDD22-6BBF-4FD6-9C13-529C774CB110}.Debug|x86.ActiveCfg = Debug|x86
		{5E4FDD22-6BBF-4FD6-9C13-529C774CB110}.Debug|x86.Build.0 = Debug|x86
		{5E4FDD22-6BBF-4FD6-9C13-529C774CB110}.Debug|x86.Deploy.0 = Debug|x86
		{5E4FDD22-6BBF-4FD6-9C13-529C774CB110}.Release|Any CPU.ActiveCfg = Release|Any CPU
		{5E4FDD22-6BBF-4FD6-9C13-529C774CB110}.Release|Any CPU.Build.0 = Release|Any CPU
		{5E4FDD22-6BBF-4FD6-9C13-529C774CB110}.Release|Any CPU.Deploy.0 = Release|Any CPU
		{5E4FDD22-6BBF-4FD6-9C13-529C774CB110}.Release|ARM.ActiveCfg = Release|ARM
		{5E4FDD22-6BBF-4FD6-9C13-529C774CB110}.Release|ARM.Build.0 = Release|ARM
		{5E4FDD22-6BBF-4FD6-9C13-529C774CB110}.Release|ARM.Deploy.0 = Release|ARM
		{5E4FDD22-6BBF-4FD6-9C13-529C774CB110}.Release|x64.ActiveCfg = Release|x64
		{5E4FDD22-6BBF-4FD6-9C13-529C774CB110}.Release|x64.Build.0 = Release|x64
		{5E4FDD22-6BBF-4FD6-9C13-529C774CB110}.Release|x64.Deploy.0 = Release|x64
		{5E4FDD22-6BBF-4FD6-9C13-529C774CB110}.Release|x86.ActiveCfg = Release|x86
		{5E4FDD22-6BBF-4FD6-9C13-529C774CB110}.Release|x86.Build.0 = Release|x86
		{5E4FDD22-6BBF-4FD6-9C13-529C774CB110}.Release|x86.Deploy.0 = Release|x86
		{18A2324F-F0BC-4F35-8240-5EBB526999AF}.Debug|Any CPU.ActiveCfg = Debug|Any CPU
		{18A2324F-F0BC-4F35-8240-5EBB526999AF}.Debug|Any CPU.Build.0 = Debug|Any CPU
		{18A2324F-F0BC-4F35-8240-5EBB526999AF}.Debug|ARM.ActiveCfg = Debug|ARM
		{18A2324F-F0BC-4F35-8240-5EBB526999AF}.Debug|ARM.Build.0 = Debug|ARM
		{18A2324F-F0BC-4F35-8240-5EBB526999AF}.Debug|x64.ActiveCfg = Debug|x64
		{18A2324F-F0BC-4F35-8240-5EBB526999AF}.Debug|x64.Build.0 = Debug|x64
		{18A2324F-F0BC-4F35-8240-5EBB526999AF}.Debug|x86.ActiveCfg = Debug|x86
		{18A2324F-F0BC-4F35-8240-5EBB526999AF}.Debug|x86.Build.0 = Debug|x86
		{18A2324F-F0BC-4F35-8240-5EBB526999AF}.Release|Any CPU.ActiveCfg = Release|Any CPU
		{18A2324F-F0BC-4F35-8240-5EBB526999AF}.Release|Any CPU.Build.0 = Release|Any CPU
		{18A2324F-F0BC-4F35-8240-5EBB526999AF}.Release|ARM.ActiveCfg = Release|ARM
		{18A2324F-F0BC-4F35-8240-5EBB526999AF}.Release|ARM.Build.0 = Release|ARM
		{18A2324F-F0BC-4F35-8240-5EBB526999AF}.Release|x64.ActiveCfg = Release|x64
		{18A2324F-F0BC-4F35-8240-5EBB526999AF}.Release|x64.Build.0 = Release|x64
		{18A2324F-F0BC-4F35-8240-5EBB526999AF}.Release|x86.ActiveCfg = Release|x86
		{18A2324F-F0BC-4F35-8240-5EBB526999AF}.Release|x86.Build.0 = Release|x86
	EndGlobalSection
	GlobalSection(SolutionProperties) = preSolution
		HideSolutionNode = FALSE
	EndGlobalSection
	GlobalSection(Performance) = preSolution
		HasPerformanceSessions = true
	EndGlobalSection
EndGlobal
